
Microsoft Visual Studio Solution File, Format Version 12.00
# Visual Studio Version 16
VisualStudioVersion = 16.0.33529.622
MinimumVisualStudioVersion = 10.0.40219.1
Project("{2150E333-8FDC-42A3-9474-1A3956D46DE8}") = "Application", "Application", "{5037345E-2638-4147-9D32-E691C30B01CA}"
EndProject
Project("{2150E333-8FDC-42A3-9474-1A3956D46DE8}") = "Domain", "Domain", "{FB4EEE28-3E17-4EC6-B269-A3C9AA4E35A5}"
EndProject
Project("{2150E333-8FDC-42A3-9474-1A3956D46DE8}") = "Infrastructure.IoC", "Infrastructure.IoC", "{7B6FE177-C942-4AAE-8683-01F07310905F}"
EndProject
Project("{2150E333-8FDC-42A3-9474-1A3956D46DE8}") = "Infrastructure.Data", "Infrastructure.Data", "{E8A5419F-1956-4F65-A57D-D9D9BBC7DACE}"
EndProject
Project("{2150E333-8FDC-42A3-9474-1A3956D46DE8}") = "Presentation", "Presentation", "{5D4C2A1F-9B54-4A5D-8E63-84C0B537D14E}"
EndProject
Project("{9A19103F-16F7-4668-BE54-9A1E7A4F7556}") = "CleanArchitecture.Mvc", "CleanArchitecture.Mvc\CleanArchitecture.Mvc.csproj", "{704D16B9-7953-4999-B022-AB005CF4021B}"
EndProject
Project("{9A19103F-16F7-4668-BE54-9A1E7A4F7556}") = "CleanArchitecture.Domain", "CleanArchitecture.Domain\CleanArchitecture.Domain.csproj", "{23F318C9-A1E6-484F-A3CE-123C5A9BD352}"
EndProject
Project("{9A19103F-16F7-4668-BE54-9A1E7A4F7556}") = "CleanArchitecture.Infrastructure.Data", "CleanArchitecture.Infrastructure.Data\CleanArchitecture.Infrastructure.Data.csproj", "{D024BCF7-DE44-4F6E-BD9C-1F68BCB7690F}"
EndProject
Project("{9A19103F-16F7-4668-BE54-9A1E7A4F7556}") = "CleanArchitecture.Aplication", "CleanArchitecture.Aplication\CleanArchitecture.Aplication.csproj", "{6C713D28-4766-4466-AFA6-C03E24BA9135}"
EndProject
Project("{FAE04EC0-301F-11D3-BF4B-00C04F79EFBC}") = "CleanArchitecture.Infrastructure.IoC", "CleanArchitecture.Infrastructure.IoC\CleanArchitecture.Infrastructure.IoC.csproj", "{DEF0F752-3291-4AAF-A5D9-C675C456553E}"
EndProject
Project("{2150E333-8FDC-42A3-9474-1A3956D46DE8}") = "Infrastructure.Bus", "Infrastructure.Bus", "{29A5138E-98AA-4E12-B192-CFF3C781748C}"
EndProject
Project("{2150E333-8FDC-42A3-9474-1A3956D46DE8}") = "Api", "Api", "{83ED8E71-0892-4114-827B-481E674F5128}"
EndProject
Global
	GlobalSection(SolutionConfigurationPlatforms) = preSolution
		Debug|Any CPU = Debug|Any CPU
		Release|Any CPU = Release|Any CPU
	EndGlobalSection
	GlobalSection(ProjectConfigurationPlatforms) = postSolution
		{704D16B9-7953-4999-B022-AB005CF4021B}.Debug|Any CPU.ActiveCfg = Debug|Any CPU
		{704D16B9-7953-4999-B022-AB005CF4021B}.Debug|Any CPU.Build.0 = Debug|Any CPU
		{704D16B9-7953-4999-B022-AB005CF4021B}.Release|Any CPU.ActiveCfg = Release|Any CPU
		{704D16B9-7953-4999-B022-AB005CF4021B}.Release|Any CPU.Build.0 = Release|Any CPU
		{23F318C9-A1E6-484F-A3CE-123C5A9BD352}.Debug|Any CPU.ActiveCfg = Debug|Any CPU
		{23F318C9-A1E6-484F-A3CE-123C5A9BD352}.Debug|Any CPU.Build.0 = Debug|Any CPU
		{23F318C9-A1E6-484F-A3CE-123C5A9BD352}.Release|Any CPU.ActiveCfg = Release|Any CPU
		{23F318C9-A1E6-484F-A3CE-123C5A9BD352}.Release|Any CPU.Build.0 = Release|Any CPU
		{D024BCF7-DE44-4F6E-BD9C-1F68BCB7690F}.Debug|Any CPU.ActiveCfg = Debug|Any CPU
		{D024BCF7-DE44-4F6E-BD9C-1F68BCB7690F}.Debug|Any CPU.Build.0 = Debug|Any CPU
		{D024BCF7-DE44-4F6E-BD9C-1F68BCB7690F}.Release|Any CPU.ActiveCfg = Release|Any CPU
		{D024BCF7-DE44-4F6E-BD9C-1F68BCB7690F}.Release|Any CPU.Build.0 = Release|Any CPU
		{6C713D28-4766-4466-AFA6-C03E24BA9135}.Debug|Any CPU.ActiveCfg = Debug|Any CPU
		{6C713D28-4766-4466-AFA6-C03E24BA9135}.Debug|Any CPU.Build.0 = Debug|Any CPU
		{6C713D28-4766-4466-AFA6-C03E24BA9135}.Release|Any CPU.ActiveCfg = Release|Any CPU
		{6C713D28-4766-4466-AFA6-C03E24BA9135}.Release|Any CPU.Build.0 = Release|Any CPU
		{DEF0F752-3291-4AAF-A5D9-C675C456553E}.Debug|Any CPU.ActiveCfg = Debug|Any CPU
		{DEF0F752-3291-4AAF-A5D9-C675C456553E}.Debug|Any CPU.Build.0 = Debug|Any CPU
		{DEF0F752-3291-4AAF-A5D9-C675C456553E}.Release|Any CPU.ActiveCfg = Release|Any CPU
		{DEF0F752-3291-4AAF-A5D9-C675C456553E}.Release|Any CPU.Build.0 = Release|Any CPU
	EndGlobalSection
	GlobalSection(SolutionProperties) = preSolution
		HideSolutionNode = FALSE
	EndGlobalSection
	GlobalSection(NestedProjects) = preSolution
		{704D16B9-7953-4999-B022-AB005CF4021B} = {5D4C2A1F-9B54-4A5D-8E63-84C0B537D14E}
		{23F318C9-A1E6-484F-A3CE-123C5A9BD352} = {FB4EEE28-3E17-4EC6-B269-A3C9AA4E35A5}
		{D024BCF7-DE44-4F6E-BD9C-1F68BCB7690F} = {E8A5419F-1956-4F65-A57D-D9D9BBC7DACE}
		{6C713D28-4766-4466-AFA6-C03E24BA9135} = {5037345E-2638-4147-9D32-E691C30B01CA}
		{DEF0F752-3291-4AAF-A5D9-C675C456553E} = {7B6FE177-C942-4AAE-8683-01F07310905F}
	EndGlobalSection
	GlobalSection(ExtensibilityGlobals) = postSolution
		SolutionGuid = {E69A9D1E-D664-45CC-8516-47A1669C4908}
	EndGlobalSection
EndGlobal
