
Microsoft Visual Studio Solution File, Format Version 12.00
# Visual Studio Version 16
VisualStudioVersion = 16.0.33529.622
MinimumVisualStudioVersion = 10.0.40219.1
Project("{2150E333-8FDC-42A3-9474-1A3956D46DE8}") = "CleanArchitecture.Application", "CleanArchitecture.Application", "{5037345E-2638-4147-9D32-E691C30B01CA}"
EndProject
Project("{2150E333-8FDC-42A3-9474-1A3956D46DE8}") = "CleanArchitecture.Domain", "CleanArchitecture.Domain", "{FB4EEE28-3E17-4EC6-B269-A3C9AA4E35A5}"
EndProject
Project("{2150E333-8FDC-42A3-9474-1A3956D46DE8}") = "CleanArchitecture.Infrastructure.IoC", "CleanArchitecture.Infrastructure.IoC", "{7B6FE177-C942-4AAE-8683-01F07310905F}"
EndProject
Project("{2150E333-8FDC-42A3-9474-1A3956D46DE8}") = "CleanArchitecture.Infrastructure.Data", "CleanArchitecture.Infrastructure.Data", "{E8A5419F-1956-4F65-A57D-D9D9BBC7DACE}"
EndProject
Project("{2150E333-8FDC-42A3-9474-1A3956D46DE8}") = "CleanArchitecture.UI.Mvc", "CleanArchitecture.UI.Mvc", "{5D4C2A1F-9B54-4A5D-8E63-84C0B537D14E}"
EndProject
Global
	GlobalSection(SolutionProperties) = preSolution
		HideSolutionNode = FALSE
	EndGlobalSection
	GlobalSection(ExtensibilityGlobals) = postSolution
		SolutionGuid = {E69A9D1E-D664-45CC-8516-47A1669C4908}
	EndGlobalSection
EndGlobal
